
Microsoft Visual Studio Solution File, Format Version 12.00
# Visual Studio Version 17
VisualStudioVersion = 17.7.34009.444
MinimumVisualStudioVersion = 10.0.40219.1
Project("{FAE04EC0-301F-11D3-BF4B-00C04F79EFBC}") = "array methods", "array methods\array methods.csproj", "{55F76DA6-15DC-4709-AF0C-F52CA2D0760E}"
EndProject
Global
	GlobalSection(SolutionConfigurationPlatforms) = preSolution
		Debug|Any CPU = Debug|Any CPU
		Release|Any CPU = Release|Any CPU
	EndGlobalSection
	GlobalSection(ProjectConfigurationPlatforms) = postSolution
		{55F76DA6-15DC-4709-AF0C-F52CA2D0760E}.Debug|Any CPU.ActiveCfg = Debug|Any CPU
		{55F76DA6-15DC-4709-AF0C-F52CA2D0760E}.Debug|Any CPU.Build.0 = Debug|Any CPU
		{55F76DA6-15DC-4709-AF0C-F52CA2D0760E}.Release|Any CPU.ActiveCfg = Release|Any CPU
		{55F76DA6-15DC-4709-AF0C-F52CA2D0760E}.Release|Any CPU.Build.0 = Release|Any CPU
	EndGlobalSection
	GlobalSection(SolutionProperties) = preSolution
		HideSolutionNode = FALSE
	EndGlobalSection
	GlobalSection(ExtensibilityGlobals) = postSolution
		SolutionGuid = {E39D4759-06BE-474F-86C9-9736FC38ED37}
	EndGlobalSection
EndGlobal
